# THIS IS AN AUTOGENERATED FILE. DO NOT EDIT THIS FILE DIRECTLY.
# yarn lockfile v1


swipejs@^2.2.18:
  version "2.2.18"
  resolved "https://registry.yarnpkg.com/swipejs/-/swipejs-2.2.18.tgz#a2e3f4d0639ca1db6ce1a00aa144ac6a4807db58"
  integrity sha512-6MHzV9fHRNRebmp1r4frUATGL/SZ9gULW/BL1zgMdVuZWx9Zlp3meIJGVlR0KRHobhUFVmEdxMQfxMpQeMYadg==
